<Solution>
  <Configurations>
    <Platform Name="Any CPU" />
    <Platform Name="x64" />
    <Platform Name="x86" />
  </Configurations>
  <Folder Name="/examples/">
    <Project Path="examples/Counter/Counter.csproj" />
    <Project Path="examples/FileExplorer/FileExplorer.csproj" />
    <Project Path="examples/LLMAgentTUI/LLMAgentTUI.csproj" />
    <Project Path="examples/LoginForm/LoginForm.csproj" />
    <Project Path="examples/MultipageApp/MultipageApp.csproj" />
    <Project Path="examples/TableWidget/TableWidget.csproj" />
    <Project Path="examples/GalleryAlign/GalleryAlign.csproj" />
    <Project Path="examples/GalleryBorder/GalleryBorder.csproj" />
    <Project Path="examples/GalleryCliInfo/GalleryCliInfo.csproj" />
    <Project Path="examples/GalleryColumns/GalleryColumns.csproj" />
    <Project Path="examples/GalleryFiglet/GalleryFiglet.csproj" />
    <Project Path="examples/GalleryFlexBox/GalleryFlexBox.csproj" />
    <Project Path="examples/GalleryGrid/GalleryGrid.csproj" />
    <Project Path="examples/GalleryHtmlInlineText/GalleryHtmlInlineText.csproj" />
    <Project Path="examples/GalleryHtmlList/GalleryHtmlList.csproj" />
    <Project Path="examples/GalleryMarkdown/GalleryMarkdown.csproj" />
    <Project Path="examples/GalleryMarkup/GalleryMarkup.csproj" />
    <Project Path="examples/GalleryNewline/GalleryNewline.csproj" />
    <Project Path="examples/GalleryPadder/GalleryPadder.csproj" />
    <Project Path="examples/GalleryPanel/GalleryPanel.csproj" />
    <Project Path="examples/GalleryRows/GalleryRows.csproj" />
    <Project Path="examples/GalleryScrollable/GalleryScrollable.csproj" />
    <Project Path="examples/GallerySelect/GallerySelect.csproj" />
    <Project Path="examples/GallerySmallCharts/GallerySmallCharts.csproj" />
    <Project Path="examples/GallerySpectreCanvas/GallerySpectreCanvas.csproj" />
    <Project Path="examples/GallerySpinner/GallerySpinner.csproj" />
    <Project Path="examples/GalleryStepChart/GalleryStepChart.csproj" />
    <Project Path="examples/GallerySyntaxHighlighter/GallerySyntaxHighlighter.csproj" />
    <Project Path="examples/GalleryTable/GalleryTable.csproj" />
    <Project Path="examples/GalleryTextButton/GalleryTextButton.csproj" />
    <Project Path="examples/GalleryTextInput/GalleryTextInput.csproj" />
    <Project Path="examples/GalleryZIndex/GalleryZIndex.csproj" />
  </Folder>
  <Folder Name="/src/">
    <Project Path="src/RazorConsole.Core/RazorConsole.Core.csproj" />
    <Project Path="src/RazorConsole.Gallery/RazorConsole.Gallery.csproj" />
    <Project Path="src/RazorConsole.Website/RazorConsole.Website.csproj" />
  </Folder>
  <Folder Name="/tests/">
    <Project Path="src/RazorConsole.Tests/RazorConsole.Tests.csproj" />
  </Folder>
</Solution>
